
Microsoft Visual Studio Solution File, Format Version 12.00
# Visual Studio Version 17
VisualStudioVersion = 17.4.33103.184
MinimumVisualStudioVersion = 10.0.40219.1
Project("{2150E333-8FDC-42A3-9474-1A3956D46DE8}") = "2 - Application", "2 - Application", "{18E61EC5-6DAE-4AB5-B7C5-1E24423C6EFF}"
EndProject
Project("{9A19103F-16F7-4668-BE54-9A1E7A4F7556}") = "Syschool.API", "Syschool.API\Syschool.API.csproj", "{76EB3A1E-E396-4ED6-95EB-8426FB634211}"
EndProject
Project("{2150E333-8FDC-42A3-9474-1A3956D46DE8}") = "3 - Domain", "3 - Domain", "{52AECAAD-76F4-42FE-9B90-924989B64A44}"
EndProject
Project("{9A19103F-16F7-4668-BE54-9A1E7A4F7556}") = "Syschool.Domain", "Syschool.Domain\Syschool.Domain.csproj", "{09C57B50-E1F5-4A83-A064-43FC527AD7F8}"
EndProject
Project("{2150E333-8FDC-42A3-9474-1A3956D46DE8}") = "4 - Infra", "4 - Infra", "{2DC987C6-A045-487E-B148-5334DE94628C}"
EndProject
Project("{2150E333-8FDC-42A3-9474-1A3956D46DE8}") = "4.1 - Data", "4.1 - Data", "{D1D1CBE5-6D65-42CD-89D0-D3C27EB9A1AF}"
EndProject
Project("{2150E333-8FDC-42A3-9474-1A3956D46DE8}") = "4.2 - CrossCutting", "4.2 - CrossCutting", "{3B15958F-9A7C-4FBB-8ACF-E77FC3E05C10}"
EndProject
Project("{9A19103F-16F7-4668-BE54-9A1E7A4F7556}") = "Syschool.Infra.Data", "Syschool.Infra.Data\Syschool.Infra.Data.csproj", "{27AED9BA-0172-40E7-95BC-D0D2A8A28B46}"
EndProject
Project("{9A19103F-16F7-4668-BE54-9A1E7A4F7556}") = "Syschool.Infra.CrossCutting", "Syschool.Infra.CrossCutting\Syschool.Infra.CrossCutting.csproj", "{A5C8EA42-4B23-485E-9AA2-93FFADDEF344}"
EndProject
Project("{2150E333-8FDC-42A3-9474-1A3956D46DE8}") = "1 - API", "1 - API", "{9F2C24C3-0314-481F-8189-063C46C98493}"
EndProject
Project("{FAE04EC0-301F-11D3-BF4B-00C04F79EFBC}") = "Syschool.Application", "Syschool.Application\Syschool.Application.csproj", "{FBAA269F-59A8-4542-AF54-E35B1B9F17CC}"
EndProject
Global
	GlobalSection(SolutionConfigurationPlatforms) = preSolution
		Debug|Any CPU = Debug|Any CPU
		Release|Any CPU = Release|Any CPU
	EndGlobalSection
	GlobalSection(ProjectConfigurationPlatforms) = postSolution
		{76EB3A1E-E396-4ED6-95EB-8426FB634211}.Debug|Any CPU.ActiveCfg = Debug|Any CPU
		{76EB3A1E-E396-4ED6-95EB-8426FB634211}.Debug|Any CPU.Build.0 = Debug|Any CPU
		{76EB3A1E-E396-4ED6-95EB-8426FB634211}.Release|Any CPU.ActiveCfg = Release|Any CPU
		{76EB3A1E-E396-4ED6-95EB-8426FB634211}.Release|Any CPU.Build.0 = Release|Any CPU
		{09C57B50-E1F5-4A83-A064-43FC527AD7F8}.Debug|Any CPU.ActiveCfg = Debug|Any CPU
		{09C57B50-E1F5-4A83-A064-43FC527AD7F8}.Debug|Any CPU.Build.0 = Debug|Any CPU
		{09C57B50-E1F5-4A83-A064-43FC527AD7F8}.Release|Any CPU.ActiveCfg = Release|Any CPU
		{09C57B50-E1F5-4A83-A064-43FC527AD7F8}.Release|Any CPU.Build.0 = Release|Any CPU
		{27AED9BA-0172-40E7-95BC-D0D2A8A28B46}.Debug|Any CPU.ActiveCfg = Debug|Any CPU
		{27AED9BA-0172-40E7-95BC-D0D2A8A28B46}.Debug|Any CPU.Build.0 = Debug|Any CPU
		{27AED9BA-0172-40E7-95BC-D0D2A8A28B46}.Release|Any CPU.ActiveCfg = Release|Any CPU
		{27AED9BA-0172-40E7-95BC-D0D2A8A28B46}.Release|Any CPU.Build.0 = Release|Any CPU
		{A5C8EA42-4B23-485E-9AA2-93FFADDEF344}.Debug|Any CPU.ActiveCfg = Debug|Any CPU
		{A5C8EA42-4B23-485E-9AA2-93FFADDEF344}.Debug|Any CPU.Build.0 = Debug|Any CPU
		{A5C8EA42-4B23-485E-9AA2-93FFADDEF344}.Release|Any CPU.ActiveCfg = Release|Any CPU
		{A5C8EA42-4B23-485E-9AA2-93FFADDEF344}.Release|Any CPU.Build.0 = Release|Any CPU
		{FBAA269F-59A8-4542-AF54-E35B1B9F17CC}.Debug|Any CPU.ActiveCfg = Debug|Any CPU
		{FBAA269F-59A8-4542-AF54-E35B1B9F17CC}.Debug|Any CPU.Build.0 = Debug|Any CPU
		{FBAA269F-59A8-4542-AF54-E35B1B9F17CC}.Release|Any CPU.ActiveCfg = Release|Any CPU
		{FBAA269F-59A8-4542-AF54-E35B1B9F17CC}.Release|Any CPU.Build.0 = Release|Any CPU
	EndGlobalSection
	GlobalSection(SolutionProperties) = preSolution
		HideSolutionNode = FALSE
	EndGlobalSection
	GlobalSection(NestedProjects) = preSolution
		{76EB3A1E-E396-4ED6-95EB-8426FB634211} = {9F2C24C3-0314-481F-8189-063C46C98493}
		{09C57B50-E1F5-4A83-A064-43FC527AD7F8} = {52AECAAD-76F4-42FE-9B90-924989B64A44}
		{D1D1CBE5-6D65-42CD-89D0-D3C27EB9A1AF} = {2DC987C6-A045-487E-B148-5334DE94628C}
		{3B15958F-9A7C-4FBB-8ACF-E77FC3E05C10} = {2DC987C6-A045-487E-B148-5334DE94628C}
		{27AED9BA-0172-40E7-95BC-D0D2A8A28B46} = {D1D1CBE5-6D65-42CD-89D0-D3C27EB9A1AF}
		{A5C8EA42-4B23-485E-9AA2-93FFADDEF344} = {3B15958F-9A7C-4FBB-8ACF-E77FC3E05C10}
		{FBAA269F-59A8-4542-AF54-E35B1B9F17CC} = {18E61EC5-6DAE-4AB5-B7C5-1E24423C6EFF}
	EndGlobalSection
	GlobalSection(ExtensibilityGlobals) = postSolution
		SolutionGuid = {3FBFF1FF-E523-45F9-B186-673316A09703}
	EndGlobalSection
EndGlobal
